
Microsoft Visual Studio Solution File, Format Version 12.00
# Visual Studio 14
VisualStudioVersion = 14.0.25420.1
MinimumVisualStudioVersion = 10.0.40219.1
Project("{FAE04EC0-301F-11D3-BF4B-00C04F79EFBC}") = "ECommerceMobile.Droid", "ECommerceMobile.Droid\ECommerceMobile.Droid.csproj", "{0C734852-934B-466D-B796-F91EC0FDE7B8}"
EndProject
Project("{FAE04EC0-301F-11D3-BF4B-00C04F79EFBC}") = "ECommerceMobile", "ECommerceMobile\ECommerceMobile.csproj", "{60038113-3426-4665-BF63-0FCA7E572F94}"
EndProject
Project("{FAE04EC0-301F-11D3-BF4B-00C04F79EFBC}") = "ECommerceMobile.WinPhone", "ECommerceMobile.WinPhone\ECommerceMobile.WinPhone.csproj", "{7888638B-6B9E-4ABB-A49C-8C9DA1EC2624}"
EndProject
Project("{FAE04EC0-301F-11D3-BF4B-00C04F79EFBC}") = "ECommerceMobile.UWP", "ECommerceMobile.UWP\ECommerceMobile.UWP.csproj", "{62BB3D1A-C1E8-4349-9153-69A2C11A5CCC}"
EndProject
Project("{FAE04EC0-301F-11D3-BF4B-00C04F79EFBC}") = "ECommerceMobile.iOS", "ECommerceMobile.iOS\ECommerceMobile.iOS.csproj", "{C93433B0-8B82-4516-B9E2-1BD8B5798FAE}"
EndProject
Global
	GlobalSection(SolutionConfigurationPlatforms) = preSolution
		Ad-Hoc|Any CPU = Ad-Hoc|Any CPU
		Ad-Hoc|ARM = Ad-Hoc|ARM
		Ad-Hoc|iPhone = Ad-Hoc|iPhone
		Ad-Hoc|iPhoneSimulator = Ad-Hoc|iPhoneSimulator
		Ad-Hoc|x64 = Ad-Hoc|x64
		Ad-Hoc|x86 = Ad-Hoc|x86
		AppStore|Any CPU = AppStore|Any CPU
		AppStore|ARM = AppStore|ARM
		AppStore|iPhone = AppStore|iPhone
		AppStore|iPhoneSimulator = AppStore|iPhoneSimulator
		AppStore|x64 = AppStore|x64
		AppStore|x86 = AppStore|x86
		Debug|Any CPU = Debug|Any CPU
		Debug|ARM = Debug|ARM
		Debug|iPhone = Debug|iPhone
		Debug|iPhoneSimulator = Debug|iPhoneSimulator
		Debug|x64 = Debug|x64
		Debug|x86 = Debug|x86
		Release|Any CPU = Release|Any CPU
		Release|ARM = Release|ARM
		Release|iPhone = Release|iPhone
		Release|iPhoneSimulator = Release|iPhoneSimulator
		Release|x64 = Release|x64
		Release|x86 = Release|x86
	EndGlobalSection
	GlobalSection(ProjectConfigurationPlatforms) = postSolution
		{0C734852-934B-466D-B796-F91EC0FDE7B8}.Ad-Hoc|Any CPU.ActiveCfg = Release|Any CPU
		{0C734852-934B-466D-B796-F91EC0FDE7B8}.Ad-Hoc|Any CPU.Build.0 = Release|Any CPU
		{0C734852-934B-466D-B796-F91EC0FDE7B8}.Ad-Hoc|Any CPU.Deploy.0 = Release|Any CPU
		{0C734852-934B-466D-B796-F91EC0FDE7B8}.Ad-Hoc|ARM.ActiveCfg = Release|Any CPU
		{0C734852-934B-466D-B796-F91EC0FDE7B8}.Ad-Hoc|ARM.Build.0 = Release|Any CPU
		{0C734852-934B-466D-B796-F91EC0FDE7B8}.Ad-Hoc|ARM.Deploy.0 = Release|Any CPU
		{0C734852-934B-466D-B796-F91EC0FDE7B8}.Ad-Hoc|iPhone.ActiveCfg = Release|Any CPU
		{0C734852-934B-466D-B796-F91EC0FDE7B8}.Ad-Hoc|iPhone.Build.0 = Release|Any CPU
		{0C734852-934B-466D-B796-F91EC0FDE7B8}.Ad-Hoc|iPhone.Deploy.0 = Release|Any CPU
		{0C734852-934B-466D-B796-F91EC0FDE7B8}.Ad-Hoc|iPhoneSimulator.ActiveCfg = Release|Any CPU
		{0C734852-934B-466D-B796-F91EC0FDE7B8}.Ad-Hoc|iPhoneSimulator.Build.0 = Release|Any CPU
		{0C734852-934B-466D-B796-F91EC0FDE7B8}.Ad-Hoc|iPhoneSimulator.Deploy.0 = Release|Any CPU
		{0C734852-934B-466D-B796-F91EC0FDE7B8}.Ad-Hoc|x64.ActiveCfg = Release|Any CPU
		{0C734852-934B-466D-B796-F91EC0FDE7B8}.Ad-Hoc|x64.Build.0 = Release|Any CPU
		{0C734852-934B-466D-B796-F91EC0FDE7B8}.Ad-Hoc|x64.Deploy.0 = Release|Any CPU
		{0C734852-934B-466D-B796-F91EC0FDE7B8}.Ad-Hoc|x86.ActiveCfg = Release|Any CPU
		{0C734852-934B-466D-B796-F91EC0FDE7B8}.Ad-Hoc|x86.Build.0 = Release|Any CPU
		{0C734852-934B-466D-B796-F91EC0FDE7B8}.Ad-Hoc|x86.Deploy.0 = Release|Any CPU
		{0C734852-934B-466D-B796-F91EC0FDE7B8}.AppStore|Any CPU.ActiveCfg = Release|Any CPU
		{0C734852-934B-466D-B796-F91EC0FDE7B8}.AppStore|Any CPU.Build.0 = Release|Any CPU
		{0C734852-934B-466D-B796-F91EC0FDE7B8}.AppStore|Any CPU.Deploy.0 = Release|Any CPU
		{0C734852-934B-466D-B796-F91EC0FDE7B8}.AppStore|ARM.ActiveCfg = Release|Any CPU
		{0C734852-934B-466D-B796-F91EC0FDE7B8}.AppStore|ARM.Build.0 = Release|Any CPU
		{0C734852-934B-466D-B796-F91EC0FDE7B8}.AppStore|ARM.Deploy.0 = Release|Any CPU
		{0C734852-934B-466D-B796-F91EC0FDE7B8}.AppStore|iPhone.ActiveCfg = Release|Any CPU
		{0C734852-934B-466D-B796-F91EC0FDE7B8}.AppStore|iPhone.Build.0 = Release|Any CPU
		{0C734852-934B-466D-B796-F91EC0FDE7B8}.AppStore|iPhone.Deploy.0 = Release|Any CPU
		{0C734852-934B-466D-B796-F91EC0FDE7B8}.AppStore|iPhoneSimulator.ActiveCfg = Release|Any CPU
		{0C734852-934B-466D-B796-F91EC0FDE7B8}.AppStore|iPhoneSimulator.Build.0 = Release|Any CPU
		{0C734852-934B-466D-B796-F91EC0FDE7B8}.AppStore|iPhoneSimulator.Deploy.0 = Release|Any CPU
		{0C734852-934B-466D-B796-F91EC0FDE7B8}.AppStore|x64.ActiveCfg = Release|Any CPU
		{0C734852-934B-466D-B796-F91EC0FDE7B8}.AppStore|x64.Build.0 = Release|Any CPU
		{0C734852-934B-466D-B796-F91EC0FDE7B8}.AppStore|x64.Deploy.0 = Release|Any CPU
		{0C734852-934B-466D-B796-F91EC0FDE7B8}.AppStore|x86.ActiveCfg = Release|Any CPU
		{0C734852-934B-466D-B796-F91EC0FDE7B8}.AppStore|x86.Build.0 = Release|Any CPU
		{0C734852-934B-466D-B796-F91EC0FDE7B8}.AppStore|x86.Deploy.0 = Release|Any CPU
		{0C734852-934B-466D-B796-F91EC0FDE7B8}.Debug|Any CPU.ActiveCfg = Debug|Any CPU
		{0C734852-934B-466D-B796-F91EC0FDE7B8}.Debug|Any CPU.Build.0 = Debug|Any CPU
		{0C734852-934B-466D-B796-F91EC0FDE7B8}.Debug|Any CPU.Deploy.0 = Debug|Any CPU
		{0C734852-934B-466D-B796-F91EC0FDE7B8}.Debug|ARM.ActiveCfg = Debug|Any CPU
		{0C734852-934B-466D-B796-F91EC0FDE7B8}.Debug|ARM.Build.0 = Debug|Any CPU
		{0C734852-934B-466D-B796-F91EC0FDE7B8}.Debug|ARM.Deploy.0 = Debug|Any CPU
		{0C734852-934B-466D-B796-F91EC0FDE7B8}.Debug|iPhone.ActiveCfg = Debug|Any CPU
		{0C734852-934B-466D-B796-F91EC0FDE7B8}.Debug|iPhone.Build.0 = Debug|Any CPU
		{0C734852-934B-466D-B796-F91EC0FDE7B8}.Debug|iPhone.Deploy.0 = Debug|Any CPU
		{0C734852-934B-466D-B796-F91EC0FDE7B8}.Debug|iPhoneSimulator.ActiveCfg = Debug|Any CPU
		{0C734852-934B-466D-B796-F91EC0FDE7B8}.Debug|iPhoneSimulator.Build.0 = Debug|Any CPU
		{0C734852-934B-466D-B796-F91EC0FDE7B8}.Debug|iPhoneSimulator.Deploy.0 = Debug|Any CPU
		{0C734852-934B-466D-B796-F91EC0FDE7B8}.Debug|x64.ActiveCfg = Debug|Any CPU
		{0C734852-934B-466D-B796-F91EC0FDE7B8}.Debug|x64.Build.0 = Debug|Any CPU
		{0C734852-934B-466D-B796-F91EC0FDE7B8}.Debug|x64.Deploy.0 = Debug|Any CPU
		{0C734852-934B-466D-B796-F91EC0FDE7B8}.Debug|x86.ActiveCfg = Debug|Any CPU
		{0C734852-934B-466D-B796-F91EC0FDE7B8}.Debug|x86.Build.0 = Debug|Any CPU
		{0C734852-934B-466D-B796-F91EC0FDE7B8}.Debug|x86.Deploy.0 = Debug|Any CPU
		{0C734852-934B-466D-B796-F91EC0FDE7B8}.Release|Any CPU.ActiveCfg = Release|Any CPU
		{0C734852-934B-466D-B796-F91EC0FDE7B8}.Release|Any CPU.Build.0 = Release|Any CPU
		{0C734852-934B-466D-B796-F91EC0FDE7B8}.Release|Any CPU.Deploy.0 = Release|Any CPU
		{0C734852-934B-466D-B796-F91EC0FDE7B8}.Release|ARM.ActiveCfg = Release|Any CPU
		{0C734852-934B-466D-B796-F91EC0FDE7B8}.Release|ARM.Build.0 = Release|Any CPU
		{0C734852-934B-466D-B796-F91EC0FDE7B8}.Release|ARM.Deploy.0 = Release|Any CPU
		{0C734852-934B-466D-B796-F91EC0FDE7B8}.Release|iPhone.ActiveCfg = Release|Any CPU
		{0C734852-934B-466D-B796-F91EC0FDE7B8}.Release|iPhone.Build.0 = Release|Any CPU
		{0C734852-934B-466D-B796-F91EC0FDE7B8}.Release|iPhone.Deploy.0 = Release|Any CPU
		{0C734852-934B-466D-B796-F91EC0FDE7B8}.Release|iPhoneSimulator.ActiveCfg = Release|Any CPU
		{0C734852-934B-466D-B796-F91EC0FDE7B8}.Release|iPhoneSimulator.Build.0 = Release|Any CPU
		{0C734852-934B-466D-B796-F91EC0FDE7B8}.Release|iPhoneSimulator.Deploy.0 = Release|Any CPU
		{0C734852-934B-466D-B796-F91EC0FDE7B8}.Release|x64.ActiveCfg = Release|Any CPU
		{0C734852-934B-466D-B796-F91EC0FDE7B8}.Release|x64.Build.0 = Release|Any CPU
		{0C734852-934B-466D-B796-F91EC0FDE7B8}.Release|x64.Deploy.0 = Release|Any CPU
		{0C734852-934B-466D-B796-F91EC0FDE7B8}.Release|x86.ActiveCfg = Release|Any CPU
		{0C734852-934B-466D-B796-F91EC0FDE7B8}.Release|x86.Build.0 = Release|Any CPU
		{0C734852-934B-466D-B796-F91EC0FDE7B8}.Release|x86.Deploy.0 = Release|Any CPU
		{60038113-3426-4665-BF63-0FCA7E572F94}.Ad-Hoc|Any CPU.ActiveCfg = Release|Any CPU
		{60038113-3426-4665-BF63-0FCA7E572F94}.Ad-Hoc|Any CPU.Build.0 = Release|Any CPU
		{60038113-3426-4665-BF63-0FCA7E572F94}.Ad-Hoc|ARM.ActiveCfg = Release|Any CPU
		{60038113-3426-4665-BF63-0FCA7E572F94}.Ad-Hoc|ARM.Build.0 = Release|Any CPU
		{60038113-3426-4665-BF63-0FCA7E572F94}.Ad-Hoc|iPhone.ActiveCfg = Release|Any CPU
		{60038113-3426-4665-BF63-0FCA7E572F94}.Ad-Hoc|iPhone.Build.0 = Release|Any CPU
		{60038113-3426-4665-BF63-0FCA7E572F94}.Ad-Hoc|iPhoneSimulator.ActiveCfg = Release|Any CPU
		{60038113-3426-4665-BF63-0FCA7E572F94}.Ad-Hoc|iPhoneSimulator.Build.0 = Release|Any CPU
		{60038113-3426-4665-BF63-0FCA7E572F94}.Ad-Hoc|x64.ActiveCfg = Release|Any CPU
		{60038113-3426-4665-BF63-0FCA7E572F94}.Ad-Hoc|x64.Build.0 = Release|Any CPU
		{60038113-3426-4665-BF63-0FCA7E572F94}.Ad-Hoc|x86.ActiveCfg = Release|Any CPU
		{60038113-3426-4665-BF63-0FCA7E572F94}.Ad-Hoc|x86.Build.0 = Release|Any CPU
		{60038113-3426-4665-BF63-0FCA7E572F94}.AppStore|Any CPU.ActiveCfg = Release|Any CPU
		{60038113-3426-4665-BF63-0FCA7E572F94}.AppStore|Any CPU.Build.0 = Release|Any CPU
		{60038113-3426-4665-BF63-0FCA7E572F94}.AppStore|ARM.ActiveCfg = Release|Any CPU
		{60038113-3426-4665-BF63-0FCA7E572F94}.AppStore|ARM.Build.0 = Release|Any CPU
		{60038113-3426-4665-BF63-0FCA7E572F94}.AppStore|iPhone.ActiveCfg = Release|Any CPU
		{60038113-3426-4665-BF63-0FCA7E572F94}.AppStore|iPhone.Build.0 = Release|Any CPU
		{60038113-3426-4665-BF63-0FCA7E572F94}.AppStore|iPhoneSimulator.ActiveCfg = Release|Any CPU
		{60038113-3426-4665-BF63-0FCA7E572F94}.AppStore|iPhoneSimulator.Build.0 = Release|Any CPU
		{60038113-3426-4665-BF63-0FCA7E572F94}.AppStore|x64.ActiveCfg = Release|Any CPU
		{60038113-3426-4665-BF63-0FCA7E572F94}.AppStore|x64.Build.0 = Release|Any CPU
		{60038113-3426-4665-BF63-0FCA7E572F94}.AppStore|x86.ActiveCfg = Release|Any CPU
		{60038113-3426-4665-BF63-0FCA7E572F94}.AppStore|x86.Build.0 = Release|Any CPU
		{60038113-3426-4665-BF63-0FCA7E572F94}.Debug|Any CPU.ActiveCfg = Debug|Any CPU
		{60038113-3426-4665-BF63-0FCA7E572F94}.Debug|Any CPU.Build.0 = Debug|Any CPU
		{60038113-3426-4665-BF63-0FCA7E572F94}.Debug|ARM.ActiveCfg = Debug|Any CPU
		{60038113-3426-4665-BF63-0FCA7E572F94}.Debug|ARM.Build.0 = Debug|Any CPU
		{60038113-3426-4665-BF63-0FCA7E572F94}.Debug|iPhone.ActiveCfg = Debug|Any CPU
		{60038113-3426-4665-BF63-0FCA7E572F94}.Debug|iPhone.Build.0 = Debug|Any CPU
		{60038113-3426-4665-BF63-0FCA7E572F94}.Debug|iPhoneSimulator.ActiveCfg = Debug|Any CPU
		{60038113-3426-4665-BF63-0FCA7E572F94}.Debug|iPhoneSimulator.Build.0 = Debug|Any CPU
		{60038113-3426-4665-BF63-0FCA7E572F94}.Debug|x64.ActiveCfg = Debug|Any CPU
		{60038113-3426-4665-BF63-0FCA7E572F94}.Debug|x64.Build.0 = Debug|Any CPU
		{60038113-3426-4665-BF63-0FCA7E572F94}.Debug|x86.ActiveCfg = Debug|Any CPU
		{60038113-3426-4665-BF63-0FCA7E572F94}.Debug|x86.Build.0 = Debug|Any CPU
		{60038113-3426-4665-BF63-0FCA7E572F94}.Release|Any CPU.ActiveCfg = Release|Any CPU
		{60038113-3426-4665-BF63-0FCA7E572F94}.Release|Any CPU.Build.0 = Release|Any CPU
		{60038113-3426-4665-BF63-0FCA7E572F94}.Release|ARM.ActiveCfg = Release|Any CPU
		{60038113-3426-4665-BF63-0FCA7E572F94}.Release|ARM.Build.0 = Release|Any CPU
		{60038113-3426-4665-BF63-0FCA7E572F94}.Release|iPhone.ActiveCfg = Release|Any CPU
		{60038113-3426-4665-BF63-0FCA7E572F94}.Release|iPhone.Build.0 = Release|Any CPU
		{60038113-3426-4665-BF63-0FCA7E572F94}.Release|iPhoneSimulator.ActiveCfg = Release|Any CPU
		{60038113-3426-4665-BF63-0FCA7E572F94}.Release|iPhoneSimulator.Build.0 = Release|Any CPU
		{60038113-3426-4665-BF63-0FCA7E572F94}.Release|x64.ActiveCfg = Release|Any CPU
		{60038113-3426-4665-BF63-0FCA7E572F94}.Release|x64.Build.0 = Release|Any CPU
		{60038113-3426-4665-BF63-0FCA7E572F94}.Release|x86.ActiveCfg = Release|Any CPU
		{60038113-3426-4665-BF63-0FCA7E572F94}.Release|x86.Build.0 = Release|Any CPU
		{7888638B-6B9E-4ABB-A49C-8C9DA1EC2624}.Ad-Hoc|Any CPU.ActiveCfg = Release|Any CPU
		{7888638B-6B9E-4ABB-A49C-8C9DA1EC2624}.Ad-Hoc|Any CPU.Build.0 = Release|Any CPU
		{7888638B-6B9E-4ABB-A49C-8C9DA1EC2624}.Ad-Hoc|Any CPU.Deploy.0 = Release|Any CPU
		{7888638B-6B9E-4ABB-A49C-8C9DA1EC2624}.Ad-Hoc|ARM.ActiveCfg = Release|ARM
		{7888638B-6B9E-4ABB-A49C-8C9DA1EC2624}.Ad-Hoc|ARM.Build.0 = Release|ARM
		{7888638B-6B9E-4ABB-A49C-8C9DA1EC2624}.Ad-Hoc|ARM.Deploy.0 = Release|ARM
		{7888638B-6B9E-4ABB-A49C-8C9DA1EC2624}.Ad-Hoc|iPhone.ActiveCfg = Release|Any CPU
		{7888638B-6B9E-4ABB-A49C-8C9DA1EC2624}.Ad-Hoc|iPhone.Build.0 = Release|Any CPU
		{7888638B-6B9E-4ABB-A49C-8C9DA1EC2624}.Ad-Hoc|iPhone.Deploy.0 = Release|Any CPU
		{7888638B-6B9E-4ABB-A49C-8C9DA1EC2624}.Ad-Hoc|iPhoneSimulator.ActiveCfg = Release|Any CPU
		{7888638B-6B9E-4ABB-A49C-8C9DA1EC2624}.Ad-Hoc|iPhoneSimulator.Build.0 = Release|Any CPU
		{7888638B-6B9E-4ABB-A49C-8C9DA1EC2624}.Ad-Hoc|iPhoneSimulator.Deploy.0 = Release|Any CPU
		{7888638B-6B9E-4ABB-A49C-8C9DA1EC2624}.Ad-Hoc|x64.ActiveCfg = Release|Any CPU
		{7888638B-6B9E-4ABB-A49C-8C9DA1EC2624}.Ad-Hoc|x64.Build.0 = Release|Any CPU
		{7888638B-6B9E-4ABB-A49C-8C9DA1EC2624}.Ad-Hoc|x64.Deploy.0 = Release|Any CPU
		{7888638B-6B9E-4ABB-A49C-8C9DA1EC2624}.Ad-Hoc|x86.ActiveCfg = Release|x86
		{7888638B-6B9E-4ABB-A49C-8C9DA1EC2624}.Ad-Hoc|x86.Build.0 = Release|x86
		{7888638B-6B9E-4ABB-A49C-8C9DA1EC2624}.Ad-Hoc|x86.Deploy.0 = Release|x86
		{7888638B-6B9E-4ABB-A49C-8C9DA1EC2624}.AppStore|Any CPU.ActiveCfg = Release|Any CPU
		{7888638B-6B9E-4ABB-A49C-8C9DA1EC2624}.AppStore|Any CPU.Build.0 = Release|Any CPU
		{7888638B-6B9E-4ABB-A49C-8C9DA1EC2624}.AppStore|Any CPU.Deploy.0 = Release|Any CPU
		{7888638B-6B9E-4ABB-A49C-8C9DA1EC2624}.AppStore|ARM.ActiveCfg = Release|ARM
		{7888638B-6B9E-4ABB-A49C-8C9DA1EC2624}.AppStore|ARM.Build.0 = Release|ARM
		{7888638B-6B9E-4ABB-A49C-8C9DA1EC2624}.AppStore|ARM.Deploy.0 = Release|ARM
		{7888638B-6B9E-4ABB-A49C-8C9DA1EC2624}.AppStore|iPhone.ActiveCfg = Release|Any CPU
		{7888638B-6B9E-4ABB-A49C-8C9DA1EC2624}.AppStore|iPhone.Build.0 = Release|Any CPU
		{7888638B-6B9E-4ABB-A49C-8C9DA1EC2624}.AppStore|iPhone.Deploy.0 = Release|Any CPU
		{7888638B-6B9E-4ABB-A49C-8C9DA1EC2624}.AppStore|iPhoneSimulator.ActiveCfg = Release|Any CPU
		{7888638B-6B9E-4ABB-A49C-8C9DA1EC2624}.AppStore|iPhoneSimulator.Build.0 = Release|Any CPU
		{7888638B-6B9E-4ABB-A49C-8C9DA1EC2624}.AppStore|iPhoneSimulator.Deploy.0 = Release|Any CPU
		{7888638B-6B9E-4ABB-A49C-8C9DA1EC2624}.AppStore|x64.ActiveCfg = Release|Any CPU
		{7888638B-6B9E-4ABB-A49C-8C9DA1EC2624}.AppStore|x64.Build.0 = Release|Any CPU
		{7888638B-6B9E-4ABB-A49C-8C9DA1EC2624}.AppStore|x64.Deploy.0 = Release|Any CPU
		{7888638B-6B9E-4ABB-A49C-8C9DA1EC2624}.AppStore|x86.ActiveCfg = Release|x86
		{7888638B-6B9E-4ABB-A49C-8C9DA1EC2624}.AppStore|x86.Build.0 = Release|x86
		{7888638B-6B9E-4ABB-A49C-8C9DA1EC2624}.AppStore|x86.Deploy.0 = Release|x86
		{7888638B-6B9E-4ABB-A49C-8C9DA1EC2624}.Debug|Any CPU.ActiveCfg = Debug|Any CPU
		{7888638B-6B9E-4ABB-A49C-8C9DA1EC2624}.Debug|Any CPU.Build.0 = Debug|Any CPU
		{7888638B-6B9E-4ABB-A49C-8C9DA1EC2624}.Debug|Any CPU.Deploy.0 = Debug|Any CPU
		{7888638B-6B9E-4ABB-A49C-8C9DA1EC2624}.Debug|ARM.ActiveCfg = Debug|ARM
		{7888638B-6B9E-4ABB-A49C-8C9DA1EC2624}.Debug|ARM.Build.0 = Debug|ARM
		{7888638B-6B9E-4ABB-A49C-8C9DA1EC2624}.Debug|ARM.Deploy.0 = Debug|ARM
		{7888638B-6B9E-4ABB-A49C-8C9DA1EC2624}.Debug|iPhone.ActiveCfg = Debug|Any CPU
		{7888638B-6B9E-4ABB-A49C-8C9DA1EC2624}.Debug|iPhone.Build.0 = Debug|Any CPU
		{7888638B-6B9E-4ABB-A49C-8C9DA1EC2624}.Debug|iPhone.Deploy.0 = Debug|Any CPU
		{7888638B-6B9E-4ABB-A49C-8C9DA1EC2624}.Debug|iPhoneSimulator.ActiveCfg = Debug|Any CPU
		{7888638B-6B9E-4ABB-A49C-8C9DA1EC2624}.Debug|iPhoneSimulator.Build.0 = Debug|Any CPU
		{7888638B-6B9E-4ABB-A49C-8C9DA1EC2624}.Debug|iPhoneSimulator.Deploy.0 = Debug|Any CPU
		{7888638B-6B9E-4ABB-A49C-8C9DA1EC2624}.Debug|x64.ActiveCfg = Debug|Any CPU
		{7888638B-6B9E-4ABB-A49C-8C9DA1EC2624}.Debug|x64.Build.0 = Debug|Any CPU
		{7888638B-6B9E-4ABB-A49C-8C9DA1EC2624}.Debug|x64.Deploy.0 = Debug|Any CPU
		{7888638B-6B9E-4ABB-A49C-8C9DA1EC2624}.Debug|x86.ActiveCfg = Debug|x86
		{7888638B-6B9E-4ABB-A49C-8C9DA1EC2624}.Debug|x86.Build.0 = Debug|x86
		{7888638B-6B9E-4ABB-A49C-8C9DA1EC2624}.Debug|x86.Deploy.0 = Debug|x86
		{7888638B-6B9E-4ABB-A49C-8C9DA1EC2624}.Release|Any CPU.ActiveCfg = Release|Any CPU
		{7888638B-6B9E-4ABB-A49C-8C9DA1EC2624}.Release|Any CPU.Build.0 = Release|Any CPU
		{7888638B-6B9E-4ABB-A49C-8C9DA1EC2624}.Release|Any CPU.Deploy.0 = Release|Any CPU
		{7888638B-6B9E-4ABB-A49C-8C9DA1EC2624}.Release|ARM.ActiveCfg = Release|ARM
		{7888638B-6B9E-4ABB-A49C-8C9DA1EC2624}.Release|ARM.Build.0 = Release|ARM
		{7888638B-6B9E-4ABB-A49C-8C9DA1EC2624}.Release|ARM.Deploy.0 = Release|ARM
		{7888638B-6B9E-4ABB-A49C-8C9DA1EC2624}.Release|iPhone.ActiveCfg = Release|Any CPU
		{7888638B-6B9E-4ABB-A49C-8C9DA1EC2624}.Release|iPhone.Build.0 = Release|Any CPU
		{7888638B-6B9E-4ABB-A49C-8C9DA1EC2624}.Release|iPhone.Deploy.0 = Release|Any CPU
		{7888638B-6B9E-4ABB-A49C-8C9DA1EC2624}.Release|iPhoneSimulator.ActiveCfg = Release|Any CPU
		{7888638B-6B9E-4ABB-A49C-8C9DA1EC2624}.Release|iPhoneSimulator.Build.0 = Release|Any CPU
		{7888638B-6B9E-4ABB-A49C-8C9DA1EC2624}.Release|iPhoneSimulator.Deploy.0 = Release|Any CPU
		{7888638B-6B9E-4ABB-A49C-8C9DA1EC2624}.Release|x64.ActiveCfg = Release|Any CPU
		{7888638B-6B9E-4ABB-A49C-8C9DA1EC2624}.Release|x64.Build.0 = Release|Any CPU
		{7888638B-6B9E-4ABB-A49C-8C9DA1EC2624}.Release|x64.Deploy.0 = Release|Any CPU
		{7888638B-6B9E-4ABB-A49C-8C9DA1EC2624}.Release|x86.ActiveCfg = Release|x86
		{7888638B-6B9E-4ABB-A49C-8C9DA1EC2624}.Release|x86.Build.0 = Release|x86
		{7888638B-6B9E-4ABB-A49C-8C9DA1EC2624}.Release|x86.Deploy.0 = Release|x86
		{62BB3D1A-C1E8-4349-9153-69A2C11A5CCC}.Ad-Hoc|Any CPU.ActiveCfg = Release|x86
		{62BB3D1A-C1E8-4349-9153-69A2C11A5CCC}.Ad-Hoc|Any CPU.Build.0 = Release|x86
		{62BB3D1A-C1E8-4349-9153-69A2C11A5CCC}.Ad-Hoc|Any CPU.Deploy.0 = Release|x86
		{62BB3D1A-C1E8-4349-9153-69A2C11A5CCC}.Ad-Hoc|ARM.ActiveCfg = Release|ARM
		{62BB3D1A-C1E8-4349-9153-69A2C11A5CCC}.Ad-Hoc|ARM.Build.0 = Release|ARM
		{62BB3D1A-C1E8-4349-9153-69A2C11A5CCC}.Ad-Hoc|ARM.Deploy.0 = Release|ARM
		{62BB3D1A-C1E8-4349-9153-69A2C11A5CCC}.Ad-Hoc|iPhone.ActiveCfg = Release|x86
		{62BB3D1A-C1E8-4349-9153-69A2C11A5CCC}.Ad-Hoc|iPhone.Build.0 = Release|x86
		{62BB3D1A-C1E8-4349-9153-69A2C11A5CCC}.Ad-Hoc|iPhone.Deploy.0 = Release|x86
		{62BB3D1A-C1E8-4349-9153-69A2C11A5CCC}.Ad-Hoc|iPhoneSimulator.ActiveCfg = Release|x86
		{62BB3D1A-C1E8-4349-9153-69A2C11A5CCC}.Ad-Hoc|iPhoneSimulator.Build.0 = Release|x86
		{62BB3D1A-C1E8-4349-9153-69A2C11A5CCC}.Ad-Hoc|iPhoneSimulator.Deploy.0 = Release|x86
		{62BB3D1A-C1E8-4349-9153-69A2C11A5CCC}.Ad-Hoc|x64.ActiveCfg = Release|x64
		{62BB3D1A-C1E8-4349-9153-69A2C11A5CCC}.Ad-Hoc|x64.Build.0 = Release|x64
		{62BB3D1A-C1E8-4349-9153-69A2C11A5CCC}.Ad-Hoc|x64.Deploy.0 = Release|x64
		{62BB3D1A-C1E8-4349-9153-69A2C11A5CCC}.Ad-Hoc|x86.ActiveCfg = Release|x86
		{62BB3D1A-C1E8-4349-9153-69A2C11A5CCC}.Ad-Hoc|x86.Build.0 = Release|x86
		{62BB3D1A-C1E8-4349-9153-69A2C11A5CCC}.Ad-Hoc|x86.Deploy.0 = Release|x86
		{62BB3D1A-C1E8-4349-9153-69A2C11A5CCC}.AppStore|Any CPU.ActiveCfg = Release|x86
		{62BB3D1A-C1E8-4349-9153-69A2C11A5CCC}.AppStore|Any CPU.Build.0 = Release|x86
		{62BB3D1A-C1E8-4349-9153-69A2C11A5CCC}.AppStore|Any CPU.Deploy.0 = Release|x86
		{62BB3D1A-C1E8-4349-9153-69A2C11A5CCC}.AppStore|ARM.ActiveCfg = Release|ARM
		{62BB3D1A-C1E8-4349-9153-69A2C11A5CCC}.AppStore|ARM.Build.0 = Release|ARM
		{62BB3D1A-C1E8-4349-9153-69A2C11A5CCC}.AppStore|ARM.Deploy.0 = Release|ARM
		{62BB3D1A-C1E8-4349-9153-69A2C11A5CCC}.AppStore|iPhone.ActiveCfg = Release|x86
		{62BB3D1A-C1E8-4349-9153-69A2C11A5CCC}.AppStore|iPhone.Build.0 = Release|x86
		{62BB3D1A-C1E8-4349-9153-69A2C11A5CCC}.AppStore|iPhone.Deploy.0 = Release|x86
		{62BB3D1A-C1E8-4349-9153-69A2C11A5CCC}.AppStore|iPhoneSimulator.ActiveCfg = Release|x86
		{62BB3D1A-C1E8-4349-9153-69A2C11A5CCC}.AppStore|iPhoneSimulator.Build.0 = Release|x86
		{62BB3D1A-C1E8-4349-9153-69A2C11A5CCC}.AppStore|iPhoneSimulator.Deploy.0 = Release|x86
		{62BB3D1A-C1E8-4349-9153-69A2C11A5CCC}.AppStore|x64.ActiveCfg = Release|x64
		{62BB3D1A-C1E8-4349-9153-69A2C11A5CCC}.AppStore|x64.Build.0 = Release|x64
		{62BB3D1A-C1E8-4349-9153-69A2C11A5CCC}.AppStore|x64.Deploy.0 = Release|x64
		{62BB3D1A-C1E8-4349-9153-69A2C11A5CCC}.AppStore|x86.ActiveCfg = Release|x86
		{62BB3D1A-C1E8-4349-9153-69A2C11A5CCC}.AppStore|x86.Build.0 = Release|x86
		{62BB3D1A-C1E8-4349-9153-69A2C11A5CCC}.AppStore|x86.Deploy.0 = Release|x86
		{62BB3D1A-C1E8-4349-9153-69A2C11A5CCC}.Debug|Any CPU.ActiveCfg = Debug|x86
		{62BB3D1A-C1E8-4349-9153-69A2C11A5CCC}.Debug|ARM.ActiveCfg = Debug|ARM
		{62BB3D1A-C1E8-4349-9153-69A2C11A5CCC}.Debug|ARM.Build.0 = Debug|ARM
		{62BB3D1A-C1E8-4349-9153-69A2C11A5CCC}.Debug|ARM.Deploy.0 = Debug|ARM
		{62BB3D1A-C1E8-4349-9153-69A2C11A5CCC}.Debug|iPhone.ActiveCfg = Debug|x86
		{62BB3D1A-C1E8-4349-9153-69A2C11A5CCC}.Debug|iPhoneSimulator.ActiveCfg = Debug|x86
		{62BB3D1A-C1E8-4349-9153-69A2C11A5CCC}.Debug|x64.ActiveCfg = Debug|x64
		{62BB3D1A-C1E8-4349-9153-69A2C11A5CCC}.Debug|x64.Build.0 = Debug|x64
		{62BB3D1A-C1E8-4349-9153-69A2C11A5CCC}.Debug|x64.Deploy.0 = Debug|x64
		{62BB3D1A-C1E8-4349-9153-69A2C11A5CCC}.Debug|x86.ActiveCfg = Debug|x86
		{62BB3D1A-C1E8-4349-9153-69A2C11A5CCC}.Debug|x86.Build.0 = Debug|x86
		{62BB3D1A-C1E8-4349-9153-69A2C11A5CCC}.Debug|x86.Deploy.0 = Debug|x86
		{62BB3D1A-C1E8-4349-9153-69A2C11A5CCC}.Release|Any CPU.ActiveCfg = Release|x86
		{62BB3D1A-C1E8-4349-9153-69A2C11A5CCC}.Release|ARM.ActiveCfg = Release|ARM
		{62BB3D1A-C1E8-4349-9153-69A2C11A5CCC}.Release|ARM.Build.0 = Release|ARM
		{62BB3D1A-C1E8-4349-9153-69A2C11A5CCC}.Release|ARM.Deploy.0 = Release|ARM
		{62BB3D1A-C1E8-4349-9153-69A2C11A5CCC}.Release|iPhone.ActiveCfg = Release|x86
		{62BB3D1A-C1E8-4349-9153-69A2C11A5CCC}.Release|iPhoneSimulator.ActiveCfg = Release|x86
		{62BB3D1A-C1E8-4349-9153-69A2C11A5CCC}.Release|x64.ActiveCfg = Release|x64
		{62BB3D1A-C1E8-4349-9153-69A2C11A5CCC}.Release|x64.Build.0 = Release|x64
		{62BB3D1A-C1E8-4349-9153-69A2C11A5CCC}.Release|x64.Deploy.0 = Release|x64
		{62BB3D1A-C1E8-4349-9153-69A2C11A5CCC}.Release|x86.ActiveCfg = Release|x86
		{62BB3D1A-C1E8-4349-9153-69A2C11A5CCC}.Release|x86.Build.0 = Release|x86
		{62BB3D1A-C1E8-4349-9153-69A2C11A5CCC}.Release|x86.Deploy.0 = Release|x86
		{C93433B0-8B82-4516-B9E2-1BD8B5798FAE}.Ad-Hoc|Any CPU.ActiveCfg = Ad-Hoc|iPhone
		{C93433B0-8B82-4516-B9E2-1BD8B5798FAE}.Ad-Hoc|ARM.ActiveCfg = Ad-Hoc|iPhone
		{C93433B0-8B82-4516-B9E2-1BD8B5798FAE}.Ad-Hoc|iPhone.ActiveCfg = Ad-Hoc|iPhone
		{C93433B0-8B82-4516-B9E2-1BD8B5798FAE}.Ad-Hoc|iPhone.Build.0 = Ad-Hoc|iPhone
		{C93433B0-8B82-4516-B9E2-1BD8B5798FAE}.Ad-Hoc|iPhoneSimulator.ActiveCfg = Ad-Hoc|iPhoneSimulator
		{C93433B0-8B82-4516-B9E2-1BD8B5798FAE}.Ad-Hoc|iPhoneSimulator.Build.0 = Ad-Hoc|iPhoneSimulator
		{C93433B0-8B82-4516-B9E2-1BD8B5798FAE}.Ad-Hoc|x64.ActiveCfg = Ad-Hoc|iPhone
		{C93433B0-8B82-4516-B9E2-1BD8B5798FAE}.Ad-Hoc|x86.ActiveCfg = Ad-Hoc|iPhone
		{C93433B0-8B82-4516-B9E2-1BD8B5798FAE}.AppStore|Any CPU.ActiveCfg = AppStore|iPhone
		{C93433B0-8B82-4516-B9E2-1BD8B5798FAE}.AppStore|ARM.ActiveCfg = AppStore|iPhone
		{C93433B0-8B82-4516-B9E2-1BD8B5798FAE}.AppStore|iPhone.ActiveCfg = AppStore|iPhone
		{C93433B0-8B82-4516-B9E2-1BD8B5798FAE}.AppStore|iPhone.Build.0 = AppStore|iPhone
		{C93433B0-8B82-4516-B9E2-1BD8B5798FAE}.AppStore|iPhoneSimulator.ActiveCfg = AppStore|iPhoneSimulator
		{C93433B0-8B82-4516-B9E2-1BD8B5798FAE}.AppStore|iPhoneSimulator.Build.0 = AppStore|iPhoneSimulator
		{C93433B0-8B82-4516-B9E2-1BD8B5798FAE}.AppStore|x64.ActiveCfg = AppStore|iPhone
		{C93433B0-8B82-4516-B9E2-1BD8B5798FAE}.AppStore|x86.ActiveCfg = AppStore|iPhone
		{C93433B0-8B82-4516-B9E2-1BD8B5798FAE}.Debug|Any CPU.ActiveCfg = Debug|iPhone
		{C93433B0-8B82-4516-B9E2-1BD8B5798FAE}.Debug|ARM.ActiveCfg = Debug|iPhone
		{C93433B0-8B82-4516-B9E2-1BD8B5798FAE}.Debug|iPhone.ActiveCfg = Debug|iPhone
		{C93433B0-8B82-4516-B9E2-1BD8B5798FAE}.Debug|iPhone.Build.0 = Debug|iPhone
		{C93433B0-8B82-4516-B9E2-1BD8B5798FAE}.Debug|iPhoneSimulator.ActiveCfg = Debug|iPhoneSimulator
		{C93433B0-8B82-4516-B9E2-1BD8B5798FAE}.Debug|iPhoneSimulator.Build.0 = Debug|iPhoneSimulator
		{C93433B0-8B82-4516-B9E2-1BD8B5798FAE}.Debug|x64.ActiveCfg = Debug|iPhone
		{C93433B0-8B82-4516-B9E2-1BD8B5798FAE}.Debug|x86.ActiveCfg = Debug|iPhone
		{C93433B0-8B82-4516-B9E2-1BD8B5798FAE}.Release|Any CPU.ActiveCfg = Release|iPhone
		{C93433B0-8B82-4516-B9E2-1BD8B5798FAE}.Release|ARM.ActiveCfg = Release|iPhone
		{C93433B0-8B82-4516-B9E2-1BD8B5798FAE}.Release|iPhone.ActiveCfg = Release|iPhone
		{C93433B0-8B82-4516-B9E2-1BD8B5798FAE}.Release|iPhone.Build.0 = Release|iPhone
		{C93433B0-8B82-4516-B9E2-1BD8B5798FAE}.Release|iPhoneSimulator.ActiveCfg = Release|iPhoneSimulator
		{C93433B0-8B82-4516-B9E2-1BD8B5798FAE}.Release|iPhoneSimulator.Build.0 = Release|iPhoneSimulator
		{C93433B0-8B82-4516-B9E2-1BD8B5798FAE}.Release|x64.ActiveCfg = Release|iPhone
		{C93433B0-8B82-4516-B9E2-1BD8B5798FAE}.Release|x86.ActiveCfg = Release|iPhone
	EndGlobalSection
	GlobalSection(SolutionProperties) = preSolution
		HideSolutionNode = FALSE
	EndGlobalSection
EndGlobal
